
Microsoft Visual Studio Solution File, Format Version 12.00
# Visual Studio Version 17
VisualStudioVersion = 17.7.34003.232
MinimumVisualStudioVersion = 10.0.40219.1
Project("{FAE04EC0-301F-11D3-BF4B-00C04F79EFBC}") = "Menu substring", "Menu substring\Menu substring.csproj", "{AA78DBF4-59C0-4A9A-87AA-5AD98F52A744}"
EndProject
Global
	GlobalSection(SolutionConfigurationPlatforms) = preSolution
		Debug|Any CPU = Debug|Any CPU
		Release|Any CPU = Release|Any CPU
	EndGlobalSection
	GlobalSection(ProjectConfigurationPlatforms) = postSolution
		{AA78DBF4-59C0-4A9A-87AA-5AD98F52A744}.Debug|Any CPU.ActiveCfg = Debug|Any CPU
		{AA78DBF4-59C0-4A9A-87AA-5AD98F52A744}.Debug|Any CPU.Build.0 = Debug|Any CPU
		{AA78DBF4-59C0-4A9A-87AA-5AD98F52A744}.Release|Any CPU.ActiveCfg = Release|Any CPU
		{AA78DBF4-59C0-4A9A-87AA-5AD98F52A744}.Release|Any CPU.Build.0 = Release|Any CPU
	EndGlobalSection
	GlobalSection(SolutionProperties) = preSolution
		HideSolutionNode = FALSE
	EndGlobalSection
	GlobalSection(ExtensibilityGlobals) = postSolution
		SolutionGuid = {B90A39D8-4B30-48FA-8410-E982D4EFD035}
	EndGlobalSection
EndGlobal
